{
  "name": "github-test-api",
  "version": "1.0.0",
  "lockfileVersion": 2,
  "requires": true,
  "packages": {
    "": {
      "version": "1.0.0",
      "dependencies": {
        "@uirouter/visualizer": "latest",
        "angular": "^1.8.2",
        "angular-bootstrap": "latest",
        "angular-route": "latest",
        "angular-ui-bootstrap": "latest",
        "angular-ui-router": "latest",
        "bootstrap": "latest",
        "http-server": "latest",
        "jasny-bootstrap": "latest",
        "jquery": "^3.6.0",
        "medium-style-confirm": "latest",
        "sass-bootstrap": "latest"
      }
    },
    "node_modules/@uirouter/core": {
      "version": "5.0.21",
      "resolved": "https://registry.npmjs.org/@uirouter/core/-/core-5.0.21.tgz",
      "integrity": "sha512-QWHc0wT00qtYNkT0BXZaFNLLHZyux0qJjF8c2WklW5/Q0Z866NoJjJErEMWjQb/AR+olkR2NlfEEi8KTQU2OpA==",
      "engines": {
        "node": ">=4.0.0"
      }
    },
    "node_modules/@uirouter/visualizer": {
      "version": "7.0.0",
      "resolved": "https://registry.npmjs.org/@uirouter/visualizer/-/visualizer-7.0.0.tgz",
      "integrity": "sha512-2XoZ3Xlj9ax/XF/gUgVLilA8q24M0WUVSJamr1kvBdcSQ1QDxWV162+NmGY9y92oVugxCIba7RZhn2x9GhKseA==",
      "dependencies": {
        "d3-hierarchy": "^1.1.8",
        "d3-interpolate": "^1.3.2",
        "preact": "~8.4.2"
      }
    },
    "node_modules/angular": {
      "version": "1.8.2",
      "resolved": "https://registry.npmjs.org/angular/-/angular-1.8.2.tgz",
      "integrity": "sha512-IauMOej2xEe7/7Ennahkbb5qd/HFADiNuLSESz9Q27inmi32zB0lnAsFeLEWcox3Gd1F6YhNd1CP7/9IukJ0Gw=="
    },
    "node_modules/angular-bootstrap": {
      "version": "0.12.2",
      "resolved": "https://registry.npmjs.org/angular-bootstrap/-/angular-bootstrap-0.12.2.tgz",
      "integrity": "sha1-3pkAp9sIen6dpHMEqcL3f5wGmCc="
    },
    "node_modules/angular-route": {
      "version": "1.7.7",
      "resolved": "https://registry.npmjs.org/angular-route/-/angular-route-1.7.7.tgz",
      "integrity": "sha512-nshsCti751h8GfvYQ2nlTbQnaY/q5zvxLctj78sS5SjB8iRDqNbT1NVNz8B/nDQUudjc7etE7xYaTdM8idzq6g=="
    },
    "node_modules/angular-ui-bootstrap": {
      "version": "2.5.6",
      "resolved": "https://registry.npmjs.org/angular-ui-bootstrap/-/angular-ui-bootstrap-2.5.6.tgz",
      "integrity": "sha512-yzcHpPMLQl0232nDzm5P4iAFTFQ9dMw0QgFLuKYbDj9M0xJ62z0oudYD/Lvh1pWfRsukiytP4Xj6BHOSrSXP8A=="
    },
    "node_modules/angular-ui-router": {
      "version": "1.0.20",
      "resolved": "https://registry.npmjs.org/angular-ui-router/-/angular-ui-router-1.0.20.tgz",
      "integrity": "sha512-D9Y+qOq6StinrlyeiHp7wbOBL5UbwaHW1dgpfQZ6fWuQ5Q5UOrJfe3S28XWDt8ybOKaUh2ds/IFXib5vCu8Opg==",
      "dependencies": {
        "@uirouter/core": "5.0.21"
      },
      "engines": {
        "node": ">=4.0.0"
      }
    },
    "node_modules/bootstrap": {
      "version": "4.3.1",
      "resolved": "https://registry.npmjs.org/bootstrap/-/bootstrap-4.3.1.tgz",
      "integrity": "sha512-rXqOmH1VilAt2DyPzluTi2blhk17bO7ef+zLLPlWvG494pDxcM234pJ8wTc/6R40UWizAIIMgxjvxZg5kmsbag==",
      "engines": {
        "node": ">=6"
      }
    },
    "node_modules/http-server": {
      "version": "0.11.1",
      "resolved": "https://registry.npmjs.org/http-server/-/http-server-0.11.1.tgz",
      "integrity": "sha512-6JeGDGoujJLmhjiRGlt8yK8Z9Kl0vnl/dQoQZlc4oeqaUoAKQg94NILLfrY3oWzSyFaQCVNTcKE5PZ3cH8VP9w==",
      "dependencies": {
        "colors": "1.0.3",
        "corser": "~2.0.0",
        "ecstatic": "^3.0.0",
        "http-proxy": "^1.8.1",
        "opener": "~1.4.0",
        "optimist": "0.6.x",
        "portfinder": "^1.0.13",
        "union": "~0.4.3"
      },
      "bin": {
        "hs": "bin/http-server",
        "http-server": "bin/http-server"
      }
    },
    "node_modules/jasny-bootstrap": {
      "version": "4.0.0",
      "resolved": "https://registry.npmjs.org/jasny-bootstrap/-/jasny-bootstrap-4.0.0.tgz",
      "integrity": "sha512-NDaZxaxizDjnH/5XESqC8inuas7aAuOn8RkCma4z9xAYfT/UQpZRvnH92oXtAbPA4Hn3jyjqWHzTmd2cyD+DDA=="
    },
    "node_modules/jquery": {
      "version": "3.6.0",
      "resolved": "https://registry.npmjs.org/jquery/-/jquery-3.6.0.tgz",
      "integrity": "sha512-JVzAR/AjBvVt2BmYhxRCSYysDsPcssdmTFnzyLEts9qNwmjmu4JTAMYubEfwVOSwpQ1I1sKKFcxhZCI2buerfw=="
    },
    "node_modules/medium-style-confirm": {
      "version": "0.4.6",
      "resolved": "https://registry.npmjs.org/medium-style-confirm/-/medium-style-confirm-0.4.6.tgz",
      "integrity": "sha1-qpbazHM+9xD0ZHejowxq0CTORGY="
    },
    "node_modules/sass-bootstrap": {
      "version": "4.0.0-alpha.6.4",
      "resolved": "https://registry.npmjs.org/sass-bootstrap/-/sass-bootstrap-4.0.0-alpha.6.4.tgz",
      "integrity": "sha1-F0NtmVVJy7UNhAhP2ymitkihV68=",
      "dependencies": {
        "jquery": ">=1.9.1",
        "tether": "^1.4.0"
      },
      "engines": {
        "node": ">=4"
      }
    },
    "node_modules/tether": {
      "version": "1.4.7",
      "resolved": "https://registry.npmjs.org/tether/-/tether-1.4.7.tgz",
      "integrity": "sha512-Z0J1aExjoFU8pybVkQAo/vD2wfSO63r+XOPfWQMC5qtf1bI7IWqNk4MiyBcgvvnY8kqnY06dVdvwTK2S3PU/Fw=="
    }
  },
  "dependencies": {
    "@uirouter/core": {
      "version": "5.0.21",
      "resolved": "https://registry.npmjs.org/@uirouter/core/-/core-5.0.21.tgz",
      "integrity": "sha512-QWHc0wT00qtYNkT0BXZaFNLLHZyux0qJjF8c2WklW5/Q0Z866NoJjJErEMWjQb/AR+olkR2NlfEEi8KTQU2OpA=="
    },
    "@uirouter/visualizer": {
      "version": "7.0.0",
      "resolved": "https://registry.npmjs.org/@uirouter/visualizer/-/visualizer-7.0.0.tgz",
      "integrity": "sha512-2XoZ3Xlj9ax/XF/gUgVLilA8q24M0WUVSJamr1kvBdcSQ1QDxWV162+NmGY9y92oVugxCIba7RZhn2x9GhKseA==",
      "requires": {
        "d3-hierarchy": "^1.1.8",
        "d3-interpolate": "^1.3.2",
        "preact": "~8.4.2"
      }
    },
    "angular": {
      "version": "1.8.2",
      "resolved": "https://registry.npmjs.org/angular/-/angular-1.8.2.tgz",
      "integrity": "sha512-IauMOej2xEe7/7Ennahkbb5qd/HFADiNuLSESz9Q27inmi32zB0lnAsFeLEWcox3Gd1F6YhNd1CP7/9IukJ0Gw=="
    },
    "angular-bootstrap": {
      "version": "0.12.2",
      "resolved": "https://registry.npmjs.org/angular-bootstrap/-/angular-bootstrap-0.12.2.tgz",
      "integrity": "sha1-3pkAp9sIen6dpHMEqcL3f5wGmCc="
    },
    "angular-route": {
      "version": "1.7.7",
      "resolved": "https://registry.npmjs.org/angular-route/-/angular-route-1.7.7.tgz",
      "integrity": "sha512-nshsCti751h8GfvYQ2nlTbQnaY/q5zvxLctj78sS5SjB8iRDqNbT1NVNz8B/nDQUudjc7etE7xYaTdM8idzq6g=="
    },
    "angular-ui-bootstrap": {
      "version": "2.5.6",
      "resolved": "https://registry.npmjs.org/angular-ui-bootstrap/-/angular-ui-bootstrap-2.5.6.tgz",
      "integrity": "sha512-yzcHpPMLQl0232nDzm5P4iAFTFQ9dMw0QgFLuKYbDj9M0xJ62z0oudYD/Lvh1pWfRsukiytP4Xj6BHOSrSXP8A=="
    },
    "angular-ui-router": {
      "version": "1.0.20",
      "resolved": "https://registry.npmjs.org/angular-ui-router/-/angular-ui-router-1.0.20.tgz",
      "integrity": "sha512-D9Y+qOq6StinrlyeiHp7wbOBL5UbwaHW1dgpfQZ6fWuQ5Q5UOrJfe3S28XWDt8ybOKaUh2ds/IFXib5vCu8Opg==",
      "requires": {
        "@uirouter/core": "5.0.21"
      }
    },
    "bootstrap": {
      "version": "4.3.1",
      "resolved": "https://registry.npmjs.org/bootstrap/-/bootstrap-4.3.1.tgz",
      "integrity": "sha512-rXqOmH1VilAt2DyPzluTi2blhk17bO7ef+zLLPlWvG494pDxcM234pJ8wTc/6R40UWizAIIMgxjvxZg5kmsbag=="
    },
    "http-server": {
      "version": "0.11.1",
      "resolved": "https://registry.npmjs.org/http-server/-/http-server-0.11.1.tgz",
      "integrity": "sha512-6JeGDGoujJLmhjiRGlt8yK8Z9Kl0vnl/dQoQZlc4oeqaUoAKQg94NILLfrY3oWzSyFaQCVNTcKE5PZ3cH8VP9w==",
      "requires": {
        "colors": "1.0.3",
        "corser": "~2.0.0",
        "ecstatic": "^3.0.0",
        "http-proxy": "^1.8.1",
        "opener": "~1.4.0",
        "optimist": "0.6.x",
        "portfinder": "^1.0.13",
        "union": "~0.4.3"
      }
    },
    "jasny-bootstrap": {
      "version": "4.0.0",
      "resolved": "https://registry.npmjs.org/jasny-bootstrap/-/jasny-bootstrap-4.0.0.tgz",
      "integrity": "sha512-NDaZxaxizDjnH/5XESqC8inuas7aAuOn8RkCma4z9xAYfT/UQpZRvnH92oXtAbPA4Hn3jyjqWHzTmd2cyD+DDA=="
    },
    "jquery": {
      "version": "3.6.0",
      "resolved": "https://registry.npmjs.org/jquery/-/jquery-3.6.0.tgz",
      "integrity": "sha512-JVzAR/AjBvVt2BmYhxRCSYysDsPcssdmTFnzyLEts9qNwmjmu4JTAMYubEfwVOSwpQ1I1sKKFcxhZCI2buerfw=="
    },
    "medium-style-confirm": {
      "version": "0.4.6",
      "resolved": "https://registry.npmjs.org/medium-style-confirm/-/medium-style-confirm-0.4.6.tgz",
      "integrity": "sha1-qpbazHM+9xD0ZHejowxq0CTORGY="
    },
    "sass-bootstrap": {
      "version": "4.0.0-alpha.6.4",
      "resolved": "https://registry.npmjs.org/sass-bootstrap/-/sass-bootstrap-4.0.0-alpha.6.4.tgz",
      "integrity": "sha1-F0NtmVVJy7UNhAhP2ymitkihV68=",
      "requires": {
        "jquery": ">=1.9.1",
        "tether": "^1.4.0"
      }
    },
    "tether": {
      "version": "1.4.7",
      "resolved": "https://registry.npmjs.org/tether/-/tether-1.4.7.tgz",
      "integrity": "sha512-Z0J1aExjoFU8pybVkQAo/vD2wfSO63r+XOPfWQMC5qtf1bI7IWqNk4MiyBcgvvnY8kqnY06dVdvwTK2S3PU/Fw=="
    }
  }
}
